
Microsoft Visual Studio Solution File, Format Version 12.00
# Visual Studio Version 16
VisualStudioVersion = 16.0.31321.278
MinimumVisualStudioVersion = 10.0.40219.1
Project("{9A19103F-16F7-4668-BE54-9A1E7A4F7556}") = "Entities", "Entities\Entities.csproj", "{106ACF40-BCA4-4B4A-9EB0-7A0585A37036}"
EndProject
Project("{9A19103F-16F7-4668-BE54-9A1E7A4F7556}") = "Business", "Business\Business.csproj", "{4859CAA0-83C7-4525-871E-B9DD31B0622E}"
EndProject
Project("{9A19103F-16F7-4668-BE54-9A1E7A4F7556}") = "ConsoleUI", "ConsoleUI\ConsoleUI.csproj", "{F2798316-BE2A-47E0-AEB8-F0C30C546410}"
EndProject
Project("{9A19103F-16F7-4668-BE54-9A1E7A4F7556}") = "DataAccss", "DataAccss\DataAccss.csproj", "{78AA894B-2BAA-4947-BB4B-A785945C3A93}"
EndProject
Project("{9A19103F-16F7-4668-BE54-9A1E7A4F7556}") = "Core", "Core\Core.csproj", "{6AE9E303-E1E1-48C9-A6CD-EBB49C4DD6B1}"
EndProject
Project("{FAE04EC0-301F-11D3-BF4B-00C04F79EFBC}") = "WebAPI", "WebAPI\WebAPI.csproj", "{FC268A5C-5FD7-4FFA-8EEC-38FC31989F5A}"
EndProject
Global
	GlobalSection(SolutionConfigurationPlatforms) = preSolution
		Debug|Any CPU = Debug|Any CPU
		Release|Any CPU = Release|Any CPU
	EndGlobalSection
	GlobalSection(ProjectConfigurationPlatforms) = postSolution
		{106ACF40-BCA4-4B4A-9EB0-7A0585A37036}.Debug|Any CPU.ActiveCfg = Debug|Any CPU
		{106ACF40-BCA4-4B4A-9EB0-7A0585A37036}.Debug|Any CPU.Build.0 = Debug|Any CPU
		{106ACF40-BCA4-4B4A-9EB0-7A0585A37036}.Release|Any CPU.ActiveCfg = Release|Any CPU
		{106ACF40-BCA4-4B4A-9EB0-7A0585A37036}.Release|Any CPU.Build.0 = Release|Any CPU
		{4859CAA0-83C7-4525-871E-B9DD31B0622E}.Debug|Any CPU.ActiveCfg = Debug|Any CPU
		{4859CAA0-83C7-4525-871E-B9DD31B0622E}.Debug|Any CPU.Build.0 = Debug|Any CPU
		{4859CAA0-83C7-4525-871E-B9DD31B0622E}.Release|Any CPU.ActiveCfg = Release|Any CPU
		{4859CAA0-83C7-4525-871E-B9DD31B0622E}.Release|Any CPU.Build.0 = Release|Any CPU
		{F2798316-BE2A-47E0-AEB8-F0C30C546410}.Debug|Any CPU.ActiveCfg = Debug|Any CPU
		{F2798316-BE2A-47E0-AEB8-F0C30C546410}.Debug|Any CPU.Build.0 = Debug|Any CPU
		{F2798316-BE2A-47E0-AEB8-F0C30C546410}.Release|Any CPU.ActiveCfg = Release|Any CPU
		{F2798316-BE2A-47E0-AEB8-F0C30C546410}.Release|Any CPU.Build.0 = Release|Any CPU
		{78AA894B-2BAA-4947-BB4B-A785945C3A93}.Debug|Any CPU.ActiveCfg = Debug|Any CPU
		{78AA894B-2BAA-4947-BB4B-A785945C3A93}.Debug|Any CPU.Build.0 = Debug|Any CPU
		{78AA894B-2BAA-4947-BB4B-A785945C3A93}.Release|Any CPU.ActiveCfg = Release|Any CPU
		{78AA894B-2BAA-4947-BB4B-A785945C3A93}.Release|Any CPU.Build.0 = Release|Any CPU
		{6AE9E303-E1E1-48C9-A6CD-EBB49C4DD6B1}.Debug|Any CPU.ActiveCfg = Debug|Any CPU
		{6AE9E303-E1E1-48C9-A6CD-EBB49C4DD6B1}.Debug|Any CPU.Build.0 = Debug|Any CPU
		{6AE9E303-E1E1-48C9-A6CD-EBB49C4DD6B1}.Release|Any CPU.ActiveCfg = Release|Any CPU
		{6AE9E303-E1E1-48C9-A6CD-EBB49C4DD6B1}.Release|Any CPU.Build.0 = Release|Any CPU
		{FC268A5C-5FD7-4FFA-8EEC-38FC31989F5A}.Debug|Any CPU.ActiveCfg = Debug|Any CPU
		{FC268A5C-5FD7-4FFA-8EEC-38FC31989F5A}.Debug|Any CPU.Build.0 = Debug|Any CPU
		{FC268A5C-5FD7-4FFA-8EEC-38FC31989F5A}.Release|Any CPU.ActiveCfg = Release|Any CPU
		{FC268A5C-5FD7-4FFA-8EEC-38FC31989F5A}.Release|Any CPU.Build.0 = Release|Any CPU
	EndGlobalSection
	GlobalSection(SolutionProperties) = preSolution
		HideSolutionNode = FALSE
	EndGlobalSection
	GlobalSection(ExtensibilityGlobals) = postSolution
		SolutionGuid = {41C05EC4-4FBD-4626-8E4E-B5774DDE97A4}
	EndGlobalSection
EndGlobal
